// !$*UTF8*$!
{
	archiveVersion = 1;
	classes = {
	};
	objectVersion = 56;
	objects = {

/* Begin PBXBuildFile section */
		84722D0329EEDF2E0043ED0E /* ImageResponse.swift in Sources */ = {isa = PBXBuildFile; fileRef = 84722D0229EEDF2E0043ED0E /* ImageResponse.swift */; };
		84722D0529EEF77B0043ED0E /* SafariView.swift in Sources */ = {isa = PBXBuildFile; fileRef = 84722D0429EEF77B0043ED0E /* SafariView.swift */; };
		84722D0729F15D5F0043ED0E /* AddItemView.swift in Sources */ = {isa = PBXBuildFile; fileRef = 84722D0629F15D5F0043ED0E /* AddItemView.swift */; };
		84722D0A29F17C8D0043ED0E /* ImagePicker.swift in Sources */ = {isa = PBXBuildFile; fileRef = 84722D0829F17C8C0043ED0E /* ImagePicker.swift */; };
		84722D0D29F289AD0043ED0E /* EditItemView.swift in Sources */ = {isa = PBXBuildFile; fileRef = 84722D0C29F289AD0043ED0E /* EditItemView.swift */; };
		84722D0F29F2AC490043ED0E /* DropViewDelegate.swift in Sources */ = {isa = PBXBuildFile; fileRef = 84722D0E29F2AC490043ED0E /* DropViewDelegate.swift */; };
		8494529429ED44E30015B5E3 /* Wakelet_demoApp.swift in Sources */ = {isa = PBXBuildFile; fileRef = 8494529329ED44E30015B5E3 /* Wakelet_demoApp.swift */; };
		8494529629ED44E30015B5E3 /* ContentView.swift in Sources */ = {isa = PBXBuildFile; fileRef = 8494529529ED44E30015B5E3 /* ContentView.swift */; };
		8494529829ED44E50015B5E3 /* Assets.xcassets in Resources */ = {isa = PBXBuildFile; fileRef = 8494529729ED44E50015B5E3 /* Assets.xcassets */; };
		8494529B29ED44E50015B5E3 /* Preview Assets.xcassets in Resources */ = {isa = PBXBuildFile; fileRef = 8494529A29ED44E50015B5E3 /* Preview Assets.xcassets */; };
		849452A229ED45540015B5E3 /* Network.swift in Sources */ = {isa = PBXBuildFile; fileRef = 849452A129ED45540015B5E3 /* Network.swift */; };
		849452A429ED48DD0015B5E3 /* Collection.swift in Sources */ = {isa = PBXBuildFile; fileRef = 849452A329ED48DD0015B5E3 /* Collection.swift */; };
		849452A629ED49150015B5E3 /* Item.swift in Sources */ = {isa = PBXBuildFile; fileRef = 849452A529ED49150015B5E3 /* Item.swift */; };
		849452AA29ED498D0015B5E3 /* HeaderView.swift in Sources */ = {isa = PBXBuildFile; fileRef = 849452A929ED498D0015B5E3 /* HeaderView.swift */; };
		849452AC29ED4BF30015B5E3 /* ItemsView.swift in Sources */ = {isa = PBXBuildFile; fileRef = 849452AB29ED4BF30015B5E3 /* ItemsView.swift */; };
		849452AE29ED516D0015B5E3 /* CollectionViewController.swift in Sources */ = {isa = PBXBuildFile; fileRef = 849452AD29ED516D0015B5E3 /* CollectionViewController.swift */; };
		849452B029ED52E30015B5E3 /* CollectionViewModel.swift in Sources */ = {isa = PBXBuildFile; fileRef = 849452AF29ED52E30015B5E3 /* CollectionViewModel.swift */; };
		84E289E029FA5CDE00EA475F /* UnsplashResponse.swift in Sources */ = {isa = PBXBuildFile; fileRef = 84E289DF29FA5CDE00EA475F /* UnsplashResponse.swift */; };
		84E289E229FA5D5100EA475F /* SearchObjectController.swift in Sources */ = {isa = PBXBuildFile; fileRef = 84E289E129FA5D5100EA475F /* SearchObjectController.swift */; };
		84E289E429FA81DB00EA475F /* UpdateCollectionResponse.swift in Sources */ = {isa = PBXBuildFile; fileRef = 84E289E329FA81DB00EA475F /* UpdateCollectionResponse.swift */; };
		84E289E629FA8F8500EA475F /* UnsplashPicker.swift in Sources */ = {isa = PBXBuildFile; fileRef = 84E289E529FA8F8500EA475F /* UnsplashPicker.swift */; };
		84FD495029F66D140011ADCD /* MenuView.swift in Sources */ = {isa = PBXBuildFile; fileRef = 84FD494F29F66D140011ADCD /* MenuView.swift */; };
		84FD495229F6904A0011ADCD /* CreateCollectionResponse.swift in Sources */ = {isa = PBXBuildFile; fileRef = 84FD495129F6904A0011ADCD /* CreateCollectionResponse.swift */; };
		84FD495429F6C30A0011ADCD /* GetMyCollectionsResponse.swift in Sources */ = {isa = PBXBuildFile; fileRef = 84FD495329F6C30A0011ADCD /* GetMyCollectionsResponse.swift */; };
		84FD495629F6CFC50011ADCD /* DeleteCollectionResponse.swift in Sources */ = {isa = PBXBuildFile; fileRef = 84FD495529F6CFC50011ADCD /* DeleteCollectionResponse.swift */; };
/* End PBXBuildFile section */

/* Begin PBXFileReference section */
		84722D0229EEDF2E0043ED0E /* ImageResponse.swift */ = {isa = PBXFileReference; lastKnownFileType = sourcecode.swift; path = ImageResponse.swift; sourceTree = "<group>"; };
		84722D0429EEF77B0043ED0E /* SafariView.swift */ = {isa = PBXFileReference; lastKnownFileType = sourcecode.swift; path = SafariView.swift; sourceTree = "<group>"; };
		84722D0629F15D5F0043ED0E /* AddItemView.swift */ = {isa = PBXFileReference; lastKnownFileType = sourcecode.swift; path = AddItemView.swift; sourceTree = "<group>"; };
		84722D0829F17C8C0043ED0E /* ImagePicker.swift */ = {isa = PBXFileReference; fileEncoding = 4; lastKnownFileType = sourcecode.swift; path = ImagePicker.swift; sourceTree = "<group>"; };
		84722D0C29F289AD0043ED0E /* EditItemView.swift */ = {isa = PBXFileReference; lastKnownFileType = sourcecode.swift; path = EditItemView.swift; sourceTree = "<group>"; };
		84722D0E29F2AC490043ED0E /* DropViewDelegate.swift */ = {isa = PBXFileReference; lastKnownFileType = sourcecode.swift; path = DropViewDelegate.swift; sourceTree = "<group>"; };
		8494529029ED44E30015B5E3 /* Wakelet_demo.app */ = {isa = PBXFileReference; explicitFileType = wrapper.application; includeInIndex = 0; path = Wakelet_demo.app; sourceTree = BUILT_PRODUCTS_DIR; };
		8494529329ED44E30015B5E3 /* Wakelet_demoApp.swift */ = {isa = PBXFileReference; lastKnownFileType = sourcecode.swift; path = Wakelet_demoApp.swift; sourceTree = "<group>"; };
		8494529529ED44E30015B5E3 /* ContentView.swift */ = {isa = PBXFileReference; lastKnownFileType = sourcecode.swift; path = ContentView.swift; sourceTree = "<group>"; };
		8494529729ED44E50015B5E3 /* Assets.xcassets */ = {isa = PBXFileReference; lastKnownFileType = folder.assetcatalog; path = Assets.xcassets; sourceTree = "<group>"; };
		8494529A29ED44E50015B5E3 /* Preview Assets.xcassets */ = {isa = PBXFileReference; lastKnownFileType = folder.assetcatalog; path = "Preview Assets.xcassets"; sourceTree = "<group>"; };
		849452A129ED45540015B5E3 /* Network.swift */ = {isa = PBXFileReference; lastKnownFileType = sourcecode.swift; path = Network.swift; sourceTree = "<group>"; };
		849452A329ED48DD0015B5E3 /* Collection.swift */ = {isa = PBXFileReference; lastKnownFileType = sourcecode.swift; path = Collection.swift; sourceTree = "<group>"; };
		849452A529ED49150015B5E3 /* Item.swift */ = {isa = PBXFileReference; lastKnownFileType = sourcecode.swift; path = Item.swift; sourceTree = "<group>"; };
		849452A929ED498D0015B5E3 /* HeaderView.swift */ = {isa = PBXFileReference; lastKnownFileType = sourcecode.swift; path = HeaderView.swift; sourceTree = "<group>"; };
		849452AB29ED4BF30015B5E3 /* ItemsView.swift */ = {isa = PBXFileReference; lastKnownFileType = sourcecode.swift; path = ItemsView.swift; sourceTree = "<group>"; };
		849452AD29ED516D0015B5E3 /* CollectionViewController.swift */ = {isa = PBXFileReference; lastKnownFileType = sourcecode.swift; path = CollectionViewController.swift; sourceTree = "<group>"; };
		849452AF29ED52E30015B5E3 /* CollectionViewModel.swift */ = {isa = PBXFileReference; lastKnownFileType = sourcecode.swift; path = CollectionViewModel.swift; sourceTree = "<group>"; };
		84E289DF29FA5CDE00EA475F /* UnsplashResponse.swift */ = {isa = PBXFileReference; lastKnownFileType = sourcecode.swift; path = UnsplashResponse.swift; sourceTree = "<group>"; };
		84E289E129FA5D5100EA475F /* SearchObjectController.swift */ = {isa = PBXFileReference; lastKnownFileType = sourcecode.swift; path = SearchObjectController.swift; sourceTree = "<group>"; };
		84E289E329FA81DB00EA475F /* UpdateCollectionResponse.swift */ = {isa = PBXFileReference; lastKnownFileType = sourcecode.swift; path = UpdateCollectionResponse.swift; sourceTree = "<group>"; };
		84E289E529FA8F8500EA475F /* UnsplashPicker.swift */ = {isa = PBXFileReference; lastKnownFileType = sourcecode.swift; path = UnsplashPicker.swift; sourceTree = "<group>"; };
		84FD494F29F66D140011ADCD /* MenuView.swift */ = {isa = PBXFileReference; lastKnownFileType = sourcecode.swift; path = MenuView.swift; sourceTree = "<group>"; };
		84FD495129F6904A0011ADCD /* CreateCollectionResponse.swift */ = {isa = PBXFileReference; lastKnownFileType = sourcecode.swift; path = CreateCollectionResponse.swift; sourceTree = "<group>"; };
		84FD495329F6C30A0011ADCD /* GetMyCollectionsResponse.swift */ = {isa = PBXFileReference; lastKnownFileType = sourcecode.swift; path = GetMyCollectionsResponse.swift; sourceTree = "<group>"; };
		84FD495529F6CFC50011ADCD /* DeleteCollectionResponse.swift */ = {isa = PBXFileReference; lastKnownFileType = sourcecode.swift; path = DeleteCollectionResponse.swift; sourceTree = "<group>"; };
/* End PBXFileReference section */

/* Begin PBXFrameworksBuildPhase section */
		8494528D29ED44E30015B5E3 /* Frameworks */ = {
			isa = PBXFrameworksBuildPhase;
			buildActionMask = 2147483647;
			files = (
			);
			runOnlyForDeploymentPostprocessing = 0;
		};
/* End PBXFrameworksBuildPhase section */

/* Begin PBXGroup section */
		8494528729ED44E30015B5E3 = {
			isa = PBXGroup;
			children = (
				8494529229ED44E30015B5E3 /* Wakelet_demo */,
				8494529129ED44E30015B5E3 /* Products */,
			);
			sourceTree = "<group>";
		};
		8494529129ED44E30015B5E3 /* Products */ = {
			isa = PBXGroup;
			children = (
				8494529029ED44E30015B5E3 /* Wakelet_demo.app */,
			);
			name = Products;
			sourceTree = "<group>";
		};
		8494529229ED44E30015B5E3 /* Wakelet_demo */ = {
			isa = PBXGroup;
			children = (
				8494529329ED44E30015B5E3 /* Wakelet_demoApp.swift */,
				8494529529ED44E30015B5E3 /* ContentView.swift */,
				849452AD29ED516D0015B5E3 /* CollectionViewController.swift */,
				849452A929ED498D0015B5E3 /* HeaderView.swift */,
				84722D0629F15D5F0043ED0E /* AddItemView.swift */,
				84722D0C29F289AD0043ED0E /* EditItemView.swift */,
				849452AB29ED4BF30015B5E3 /* ItemsView.swift */,
				84FD494F29F66D140011ADCD /* MenuView.swift */,
				84722D0429EEF77B0043ED0E /* SafariView.swift */,
				84722D0E29F2AC490043ED0E /* DropViewDelegate.swift */,
				84722D0829F17C8C0043ED0E /* ImagePicker.swift */,
				849452AF29ED52E30015B5E3 /* CollectionViewModel.swift */,
				84FD495129F6904A0011ADCD /* CreateCollectionResponse.swift */,
				84FD495329F6C30A0011ADCD /* GetMyCollectionsResponse.swift */,
				84E289E329FA81DB00EA475F /* UpdateCollectionResponse.swift */,
				84FD495529F6CFC50011ADCD /* DeleteCollectionResponse.swift */,
				84722D0229EEDF2E0043ED0E /* ImageResponse.swift */,
				84E289DF29FA5CDE00EA475F /* UnsplashResponse.swift */,
				849452A329ED48DD0015B5E3 /* Collection.swift */,
				849452A529ED49150015B5E3 /* Item.swift */,
				84E289E529FA8F8500EA475F /* UnsplashPicker.swift */,
				84E289E129FA5D5100EA475F /* SearchObjectController.swift */,
				849452A129ED45540015B5E3 /* Network.swift */,
				8494529729ED44E50015B5E3 /* Assets.xcassets */,
				8494529929ED44E50015B5E3 /* Preview Content */,
			);
			path = Wakelet_demo;
			sourceTree = "<group>";
		};
		8494529929ED44E50015B5E3 /* Preview Content */ = {
			isa = PBXGroup;
			children = (
				8494529A29ED44E50015B5E3 /* Preview Assets.xcassets */,
			);
			path = "Preview Content";
			sourceTree = "<group>";
		};
/* End PBXGroup section */

/* Begin PBXNativeTarget section */
		8494528F29ED44E30015B5E3 /* Wakelet_demo */ = {
			isa = PBXNativeTarget;
			buildConfigurationList = 8494529E29ED44E50015B5E3 /* Build configuration list for PBXNativeTarget "Wakelet_demo" */;
			buildPhases = (
				8494528C29ED44E30015B5E3 /* Sources */,
				8494528D29ED44E30015B5E3 /* Frameworks */,
				8494528E29ED44E30015B5E3 /* Resources */,
			);
			buildRules = (
			);
			dependencies = (
			);
			name = Wakelet_demo;
			productName = Wakelet_demo;
			productReference = 8494529029ED44E30015B5E3 /* Wakelet_demo.app */;
			productType = "com.apple.product-type.application";
		};
/* End PBXNativeTarget section */

/* Begin PBXProject section */
		8494528829ED44E30015B5E3 /* Project object */ = {
			isa = PBXProject;
			attributes = {
				BuildIndependentTargetsInParallel = 1;
				LastSwiftUpdateCheck = 1420;
				LastUpgradeCheck = 1420;
				TargetAttributes = {
					8494528F29ED44E30015B5E3 = {
						CreatedOnToolsVersion = 14.2;
					};
				};
			};
			buildConfigurationList = 8494528B29ED44E30015B5E3 /* Build configuration list for PBXProject "Wakelet_demo" */;
			compatibilityVersion = "Xcode 14.0";
			developmentRegion = en;
			hasScannedForEncodings = 0;
			knownRegions = (
				en,
				Base,
			);
			mainGroup = 8494528729ED44E30015B5E3;
			productRefGroup = 8494529129ED44E30015B5E3 /* Products */;
			projectDirPath = "";
			projectRoot = "";
			targets = (
				8494528F29ED44E30015B5E3 /* Wakelet_demo */,
			);
		};
/* End PBXProject section */

/* Begin PBXResourcesBuildPhase section */
		8494528E29ED44E30015B5E3 /* Resources */ = {
			isa = PBXResourcesBuildPhase;
			buildActionMask = 2147483647;
			files = (
				8494529B29ED44E50015B5E3 /* Preview Assets.xcassets in Resources */,
				8494529829ED44E50015B5E3 /* Assets.xcassets in Resources */,
			);
			runOnlyForDeploymentPostprocessing = 0;
		};
/* End PBXResourcesBuildPhase section */

/* Begin PBXSourcesBuildPhase section */
		8494528C29ED44E30015B5E3 /* Sources */ = {
			isa = PBXSourcesBuildPhase;
			buildActionMask = 2147483647;
			files = (
				84722D0A29F17C8D0043ED0E /* ImagePicker.swift in Sources */,
				849452A629ED49150015B5E3 /* Item.swift in Sources */,
				84722D0D29F289AD0043ED0E /* EditItemView.swift in Sources */,
				84722D0529EEF77B0043ED0E /* SafariView.swift in Sources */,
				849452AA29ED498D0015B5E3 /* HeaderView.swift in Sources */,
				84722D0329EEDF2E0043ED0E /* ImageResponse.swift in Sources */,
				849452AC29ED4BF30015B5E3 /* ItemsView.swift in Sources */,
				84E289E229FA5D5100EA475F /* SearchObjectController.swift in Sources */,
				84FD495429F6C30A0011ADCD /* GetMyCollectionsResponse.swift in Sources */,
				8494529629ED44E30015B5E3 /* ContentView.swift in Sources */,
				849452AE29ED516D0015B5E3 /* CollectionViewController.swift in Sources */,
				84722D0729F15D5F0043ED0E /* AddItemView.swift in Sources */,
				84FD495029F66D140011ADCD /* MenuView.swift in Sources */,
				8494529429ED44E30015B5E3 /* Wakelet_demoApp.swift in Sources */,
				84E289E629FA8F8500EA475F /* UnsplashPicker.swift in Sources */,
				84FD495229F6904A0011ADCD /* CreateCollectionResponse.swift in Sources */,
				84E289E429FA81DB00EA475F /* UpdateCollectionResponse.swift in Sources */,
				84E289E029FA5CDE00EA475F /* UnsplashResponse.swift in Sources */,
				849452B029ED52E30015B5E3 /* CollectionViewModel.swift in Sources */,
				84722D0F29F2AC490043ED0E /* DropViewDelegate.swift in Sources */,
				849452A229ED45540015B5E3 /* Network.swift in Sources */,
				849452A429ED48DD0015B5E3 /* Collection.swift in Sources */,
				84FD495629F6CFC50011ADCD /* DeleteCollectionResponse.swift in Sources */,
			);
			runOnlyForDeploymentPostprocessing = 0;
		};
/* End PBXSourcesBuildPhase section */

/* Begin XCBuildConfiguration section */
		8494529C29ED44E50015B5E3 /* Debug */ = {
			isa = XCBuildConfiguration;
			buildSettings = {
				ALWAYS_SEARCH_USER_PATHS = NO;
				CLANG_ANALYZER_NONNULL = YES;
				CLANG_ANALYZER_NUMBER_OBJECT_CONVERSION = YES_AGGRESSIVE;
				CLANG_CXX_LANGUAGE_STANDARD = "gnu++20";
				CLANG_ENABLE_MODULES = YES;
				CLANG_ENABLE_OBJC_ARC = YES;
				CLANG_ENABLE_OBJC_WEAK = YES;
				CLANG_WARN_BLOCK_CAPTURE_AUTORELEASING = YES;
				CLANG_WARN_BOOL_CONVERSION = YES;
				CLANG_WARN_COMMA = YES;
				CLANG_WARN_CONSTANT_CONVERSION = YES;
				CLANG_WARN_DEPRECATED_OBJC_IMPLEMENTATIONS = YES;
				CLANG_WARN_DIRECT_OBJC_ISA_USAGE = YES_ERROR;
				CLANG_WARN_DOCUMENTATION_COMMENTS = YES;
				CLANG_WARN_EMPTY_BODY = YES;
				CLANG_WARN_ENUM_CONVERSION = YES;
				CLANG_WARN_INFINITE_RECURSION = YES;
				CLANG_WARN_INT_CONVERSION = YES;
				CLANG_WARN_NON_LITERAL_NULL_CONVERSION = YES;
				CLANG_WARN_OBJC_IMPLICIT_RETAIN_SELF = YES;
				CLANG_WARN_OBJC_LITERAL_CONVERSION = YES;
				CLANG_WARN_OBJC_ROOT_CLASS = YES_ERROR;
				CLANG_WARN_QUOTED_INCLUDE_IN_FRAMEWORK_HEADER = YES;
				CLANG_WARN_RANGE_LOOP_ANALYSIS = YES;
				CLANG_WARN_STRICT_PROTOTYPES = YES;
				CLANG_WARN_SUSPICIOUS_MOVE = YES;
				CLANG_WARN_UNGUARDED_AVAILABILITY = YES_AGGRESSIVE;
				CLANG_WARN_UNREACHABLE_CODE = YES;
				CLANG_WARN__DUPLICATE_METHOD_MATCH = YES;
				COPY_PHASE_STRIP = NO;
				DEBUG_INFORMATION_FORMAT = dwarf;
				ENABLE_STRICT_OBJC_MSGSEND = YES;
				ENABLE_TESTABILITY = YES;
				GCC_C_LANGUAGE_STANDARD = gnu11;
				GCC_DYNAMIC_NO_PIC = NO;
				GCC_NO_COMMON_BLOCKS = YES;
				GCC_OPTIMIZATION_LEVEL = 0;
				GCC_PREPROCESSOR_DEFINITIONS = (
					"DEBUG=1",
					"$(inherited)",
				);
				GCC_WARN_64_TO_32_BIT_CONVERSION = YES;
				GCC_WARN_ABOUT_RETURN_TYPE = YES_ERROR;
				GCC_WARN_UNDECLARED_SELECTOR = YES;
				GCC_WARN_UNINITIALIZED_AUTOS = YES_AGGRESSIVE;
				GCC_WARN_UNUSED_FUNCTION = YES;
				GCC_WARN_UNUSED_VARIABLE = YES;
				IPHONEOS_DEPLOYMENT_TARGET = 16.2;
				MTL_ENABLE_DEBUG_INFO = INCLUDE_SOURCE;
				MTL_FAST_MATH = YES;
				ONLY_ACTIVE_ARCH = YES;
				SDKROOT = iphoneos;
				SWIFT_ACTIVE_COMPILATION_CONDITIONS = DEBUG;
				SWIFT_OPTIMIZATION_LEVEL = "-Onone";
			};
			name = Debug;
		};
		8494529D29ED44E50015B5E3 /* Release */ = {
			isa = XCBuildConfiguration;
			buildSettings = {
				ALWAYS_SEARCH_USER_PATHS = NO;
				CLANG_ANALYZER_NONNULL = YES;
				CLANG_ANALYZER_NUMBER_OBJECT_CONVERSION = YES_AGGRESSIVE;
				CLANG_CXX_LANGUAGE_STANDARD = "gnu++20";
				CLANG_ENABLE_MODULES = YES;
				CLANG_ENABLE_OBJC_ARC = YES;
				CLANG_ENABLE_OBJC_WEAK = YES;
				CLANG_WARN_BLOCK_CAPTURE_AUTORELEASING = YES;
				CLANG_WARN_BOOL_CONVERSION = YES;
				CLANG_WARN_COMMA = YES;
				CLANG_WARN_CONSTANT_CONVERSION = YES;
				CLANG_WARN_DEPRECATED_OBJC_IMPLEMENTATIONS = YES;
				CLANG_WARN_DIRECT_OBJC_ISA_USAGE = YES_ERROR;
				CLANG_WARN_DOCUMENTATION_COMMENTS = YES;
				CLANG_WARN_EMPTY_BODY = YES;
				CLANG_WARN_ENUM_CONVERSION = YES;
				CLANG_WARN_INFINITE_RECURSION = YES;
				CLANG_WARN_INT_CONVERSION = YES;
				CLANG_WARN_NON_LITERAL_NULL_CONVERSION = YES;
				CLANG_WARN_OBJC_IMPLICIT_RETAIN_SELF = YES;
				CLANG_WARN_OBJC_LITERAL_CONVERSION = YES;
				CLANG_WARN_OBJC_ROOT_CLASS = YES_ERROR;
				CLANG_WARN_QUOTED_INCLUDE_IN_FRAMEWORK_HEADER = YES;
				CLANG_WARN_RANGE_LOOP_ANALYSIS = YES;
				CLANG_WARN_STRICT_PROTOTYPES = YES;
				CLANG_WARN_SUSPICIOUS_MOVE = YES;
				CLANG_WARN_UNGUARDED_AVAILABILITY = YES_AGGRESSIVE;
				CLANG_WARN_UNREACHABLE_CODE = YES;
				CLANG_WARN__DUPLICATE_METHOD_MATCH = YES;
				COPY_PHASE_STRIP = NO;
				DEBUG_INFORMATION_FORMAT = "dwarf-with-dsym";
				ENABLE_NS_ASSERTIONS = NO;
				ENABLE_STRICT_OBJC_MSGSEND = YES;
				GCC_C_LANGUAGE_STANDARD = gnu11;
				GCC_NO_COMMON_BLOCKS = YES;
				GCC_WARN_64_TO_32_BIT_CONVERSION = YES;
				GCC_WARN_ABOUT_RETURN_TYPE = YES_ERROR;
				GCC_WARN_UNDECLARED_SELECTOR = YES;
				GCC_WARN_UNINITIALIZED_AUTOS = YES_AGGRESSIVE;
				GCC_WARN_UNUSED_FUNCTION = YES;
				GCC_WARN_UNUSED_VARIABLE = YES;
				IPHONEOS_DEPLOYMENT_TARGET = 16.2;
				MTL_ENABLE_DEBUG_INFO = NO;
				MTL_FAST_MATH = YES;
				SDKROOT = iphoneos;
				SWIFT_COMPILATION_MODE = wholemodule;
				SWIFT_OPTIMIZATION_LEVEL = "-O";
				VALIDATE_PRODUCT = YES;
			};
			name = Release;
		};
		8494529F29ED44E50015B5E3 /* Debug */ = {
			isa = XCBuildConfiguration;
			buildSettings = {
				ASSETCATALOG_COMPILER_APPICON_NAME = AppIcon;
				ASSETCATALOG_COMPILER_GLOBAL_ACCENT_COLOR_NAME = AccentColor;
				CODE_SIGN_STYLE = Automatic;
				CURRENT_PROJECT_VERSION = 1;
				DEVELOPMENT_ASSET_PATHS = "\"Wakelet_demo/Preview Content\"";
				DEVELOPMENT_TEAM = R7U57FJ9PH;
				ENABLE_PREVIEWS = YES;
				GENERATE_INFOPLIST_FILE = YES;
				INFOPLIST_KEY_UIApplicationSceneManifest_Generation = YES;
				INFOPLIST_KEY_UIApplicationSupportsIndirectInputEvents = YES;
				INFOPLIST_KEY_UILaunchScreen_Generation = YES;
				INFOPLIST_KEY_UISupportedInterfaceOrientations_iPad = "UIInterfaceOrientationPortrait UIInterfaceOrientationPortraitUpsideDown UIInterfaceOrientationLandscapeLeft UIInterfaceOrientationLandscapeRight";
				INFOPLIST_KEY_UISupportedInterfaceOrientations_iPhone = "UIInterfaceOrientationPortrait UIInterfaceOrientationLandscapeLeft UIInterfaceOrientationLandscapeRight";
				LD_RUNPATH_SEARCH_PATHS = (
					"$(inherited)",
					"@executable_path/Frameworks",
				);
				MARKETING_VERSION = 1.0;
				PRODUCT_BUNDLE_IDENTIFIER = "matvii.Wakelet-demo";
				PRODUCT_NAME = "$(TARGET_NAME)";
				SWIFT_EMIT_LOC_STRINGS = YES;
				SWIFT_VERSION = 5.0;
				TARGETED_DEVICE_FAMILY = "1,2";
			};
			name = Debug;
		};
		849452A029ED44E50015B5E3 /* Release */ = {
			isa = XCBuildConfiguration;
			buildSettings = {
				ASSETCATALOG_COMPILER_APPICON_NAME = AppIcon;
				ASSETCATALOG_COMPILER_GLOBAL_ACCENT_COLOR_NAME = AccentColor;
				CODE_SIGN_STYLE = Automatic;
				CURRENT_PROJECT_VERSION = 1;
				DEVELOPMENT_ASSET_PATHS = "\"Wakelet_demo/Preview Content\"";
				DEVELOPMENT_TEAM = R7U57FJ9PH;
				ENABLE_PREVIEWS = YES;
				GENERATE_INFOPLIST_FILE = YES;
				INFOPLIST_KEY_UIApplicationSceneManifest_Generation = YES;
				INFOPLIST_KEY_UIApplicationSupportsIndirectInputEvents = YES;
				INFOPLIST_KEY_UILaunchScreen_Generation = YES;
				INFOPLIST_KEY_UISupportedInterfaceOrientations_iPad = "UIInterfaceOrientationPortrait UIInterfaceOrientationPortraitUpsideDown UIInterfaceOrientationLandscapeLeft UIInterfaceOrientationLandscapeRight";
				INFOPLIST_KEY_UISupportedInterfaceOrientations_iPhone = "UIInterfaceOrientationPortrait UIInterfaceOrientationLandscapeLeft UIInterfaceOrientationLandscapeRight";
				LD_RUNPATH_SEARCH_PATHS = (
					"$(inherited)",
					"@executable_path/Frameworks",
				);
				MARKETING_VERSION = 1.0;
				PRODUCT_BUNDLE_IDENTIFIER = "matvii.Wakelet-demo";
				PRODUCT_NAME = "$(TARGET_NAME)";
				SWIFT_EMIT_LOC_STRINGS = YES;
				SWIFT_VERSION = 5.0;
				TARGETED_DEVICE_FAMILY = "1,2";
			};
			name = Release;
		};
/* End XCBuildConfiguration section */

/* Begin XCConfigurationList section */
		8494528B29ED44E30015B5E3 /* Build configuration list for PBXProject "Wakelet_demo" */ = {
			isa = XCConfigurationList;
			buildConfigurations = (
				8494529C29ED44E50015B5E3 /* Debug */,
				8494529D29ED44E50015B5E3 /* Release */,
			);
			defaultConfigurationIsVisible = 0;
			defaultConfigurationName = Release;
		};
		8494529E29ED44E50015B5E3 /* Build configuration list for PBXNativeTarget "Wakelet_demo" */ = {
			isa = XCConfigurationList;
			buildConfigurations = (
				8494529F29ED44E50015B5E3 /* Debug */,
				849452A029ED44E50015B5E3 /* Release */,
			);
			defaultConfigurationIsVisible = 0;
			defaultConfigurationName = Release;
		};
/* End XCConfigurationList section */
	};
	rootObject = 8494528829ED44E30015B5E3 /* Project object */;
}
